
Microsoft Visual Studio Solution File, Format Version 12.00
# Visual Studio 2012
Project("{FAE04EC0-301F-11D3-BF4B-00C04F79EFBC}") = "Test.API", "Test.API\Test.API.csproj", "{125F8B63-48CD-41AB-A6EF-A24102999E9E}"
EndProject
Project("{FAE04EC0-301F-11D3-BF4B-00C04F79EFBC}") = "Test.Data", "Test.Data\Test.Data.csproj", "{0122AC91-FB7E-49A0-A023-83B355A23BD8}"
EndProject
Global
	GlobalSection(SolutionConfigurationPlatforms) = preSolution
		Debug|Any CPU = Debug|Any CPU
		Release|Any CPU = Release|Any CPU
	EndGlobalSection
	GlobalSection(ProjectConfigurationPlatforms) = postSolution
		{125F8B63-48CD-41AB-A6EF-A24102999E9E}.Debug|Any CPU.ActiveCfg = Debug|Any CPU
		{125F8B63-48CD-41AB-A6EF-A24102999E9E}.Debug|Any CPU.Build.0 = Debug|Any CPU
		{125F8B63-48CD-41AB-A6EF-A24102999E9E}.Release|Any CPU.ActiveCfg = Release|Any CPU
		{125F8B63-48CD-41AB-A6EF-A24102999E9E}.Release|Any CPU.Build.0 = Release|Any CPU
		{0122AC91-FB7E-49A0-A023-83B355A23BD8}.Debug|Any CPU.ActiveCfg = Debug|Any CPU
		{0122AC91-FB7E-49A0-A023-83B355A23BD8}.Debug|Any CPU.Build.0 = Debug|Any CPU
		{0122AC91-FB7E-49A0-A023-83B355A23BD8}.Release|Any CPU.ActiveCfg = Release|Any CPU
		{0122AC91-FB7E-49A0-A023-83B355A23BD8}.Release|Any CPU.Build.0 = Release|Any CPU
	EndGlobalSection
EndGlobal
